{"1.2.0",
[{<<"certifi">>,{pkg,<<"certifi">>,<<"2.17.0">>},1},
 {<<"couchbeam">>,{pkg,<<"couchbeam">>,<<"2.0.0">>},0},
 {<<"h2">>,{pkg,<<"h2">>,<<"0.11.0">>},1},
 {<<"hackney">>,{pkg,<<"hackney">>,<<"4.7.2">>},0},
 {<<"idna">>,{pkg,<<"idna">>,<<"7.1.0">>},1},
 {<<"ircbot">>,
  {git,"https://github.com/gdamjan/erlang-irc-bot.git",
       {ref,"978bb1b0df5117160887ce5985ac7935de0bf603"}},
  0},
 {<<"mimerl">>,{pkg,<<"mimerl">>,<<"1.5.0">>},1},
 {<<"mochiweb">>,{pkg,<<"mochiweb">>,<<"3.4.0">>},0},
 {<<"mochiweb_xpath">>,
  {git,"https://github.com/retnuh/mochiweb_xpath.git",
       {ref,"8cd9ede33a9f2a35d02ad765017c6b86e9e56093"}},
  0},
 {<<"oauth">>,{pkg,<<"oauth">>,<<"2.1.0">>},1},
 {<<"parse_trans">>,{pkg,<<"parse_trans">>,<<"3.4.2">>},1},
 {<<"quic">>,{pkg,<<"quic">>,<<"1.8.0">>},2},
 {<<"ssl_verify_fun">>,{pkg,<<"ssl_verify_fun">>,<<"1.1.7">>},1},
 {<<"webtransport">>,{pkg,<<"webtransport">>,<<"0.4.4">>},1}]}.
[
{pkg_hash,[
 {<<"certifi">>, <<"835748414307E15E05B17D0E518190228CE648B08D569A5CC93A85A40F3E5C9B">>},
 {<<"couchbeam">>, <<"C35535CB157E9B91BF63F5965F0349A811A099EDF133B4696DA3199592C0C9E3">>},
 {<<"h2">>, <<"B8C9F7C86F400582C5CBED59F79C0EFD6CF49AD6478C210BEDE91D2D15019B14">>},
 {<<"hackney">>, <<"8F712C94D90220CC21EA8049172C2E760FFC41737060667603AA1AEF52AB9A4D">>},
 {<<"idna">>, <<"1067A13043538129602D2F2CE6899D8713125C7D19734AA557CE2E3EA55BD4F1">>},
 {<<"mimerl">>, <<"F35ACA6F23242339B3666E0AC0702379E362B469D0AEA167F6CC713547E777ED">>},
 {<<"mochiweb">>, <<"FA743F14BA09C431A7F4EF85F4BBB8563BD2D45DDB3C1572FD8C6DEE8651472A">>},
 {<<"oauth">>, <<"D339CD258E3384703CB75D21A7958F0258FD1B7B0022BC59AEA154BE74B817CC">>},
 {<<"parse_trans">>, <<"C352DDC1A0D5E54F9B1654D45F9C432EEF76F9CEA371C55DDFF769EF688FDB74">>},
 {<<"quic">>, <<"7B074FC6F8A13B4A81E4E11254BF061DB61C5C07B4366D568A79A38C5E8BB5F3">>},
 {<<"ssl_verify_fun">>, <<"354C321CF377240C7B8716899E182CE4890C5938111A1296ADD3EC74CF1715DF">>},
 {<<"webtransport">>, <<"714180B340FBD30A7D666F3F593A612186FF1BA444566B3E8C9CE37FB2950638">>}]},
{pkg_hash_ext,[
 {<<"certifi">>, <<"8122798A17F0293C80DAADA25D0F81C7F4D708C73FEF782C7C9B1950E26E4D21">>},
 {<<"couchbeam">>, <<"C995F32920452A775C8C32681817C2AFEE135CF079B7EFD897E13F0F2748955C">>},
 {<<"h2">>, <<"C61F24361D0DC76375EAF35C2BF0E01235D81B7685538DF571DB036467FAC358">>},
 {<<"hackney">>, <<"FAD03E527A6B1811EF3362EBE9D6D826D988927C18AFC71358C35BF2098110E4">>},
 {<<"idna">>, <<"6AE959A025BF36DF61A8CAB8508D9654891B5426A84C44D82DEAFFD6DDF8C71F">>},
 {<<"mimerl">>, <<"DB648CE065BAE14EA84CA8B5DD123F42F49417CEF693541110BF6F9E9BE9ECC4">>},
 {<<"mochiweb">>, <<"F07586C67E5D6A76120AEBCCB86BF123B8D153B2744D3A6ACDD7E91853535674">>},
 {<<"oauth">>, <<"1E88788690B3CDE182F77829F205EAB75522255DCCED20341C5BA05CAC849B13">>},
 {<<"parse_trans">>, <<"4C25347DE3B7C35732D32E69AB43D1CEEE0BEAE3F3B3ADE1B59CBD3DD224D9CA">>},
 {<<"quic">>, <<"6B1F8F08A45412AC503BC6771EFB8EDC696BB14079BC48D2CA960B92933DA8A4">>},
 {<<"ssl_verify_fun">>, <<"FE4C190E8F37401D30167C8C405EDA19469F34577987C76DDE613E838BBC67F8">>},
 {<<"webtransport">>, <<"80A6641E0F6628938CEEE4C9D7A4F6D48A6089890DA1AE3288CA8DAB13A6005E">>}]}
].
